
Microsoft Visual Studio Solution File, Format Version 12.00
# Visual Studio 15
VisualStudioVersion = 15.0.28307.572
MinimumVisualStudioVersion = 10.0.40219.1
Project("{9A19103F-16F7-4668-BE54-9A1E7A4F7556}") = "AotC.OnlineSchool.Backend", "AotC.OnlineSchool.Backend\AotC.OnlineSchool.Backend.csproj", "{E28EA03B-5162-48D2-9A7D-8FE44BD2AE97}"
EndProject
Global
	GlobalSection(SolutionConfigurationPlatforms) = preSolution
		Debug|Any CPU = Debug|Any CPU
		Release|Any CPU = Release|Any CPU
	EndGlobalSection
	GlobalSection(ProjectConfigurationPlatforms) = postSolution
		{E28EA03B-5162-48D2-9A7D-8FE44BD2AE97}.Debug|Any CPU.ActiveCfg = Debug|Any CPU
		{E28EA03B-5162-48D2-9A7D-8FE44BD2AE97}.Debug|Any CPU.Build.0 = Debug|Any CPU
		{E28EA03B-5162-48D2-9A7D-8FE44BD2AE97}.Release|Any CPU.ActiveCfg = Release|Any CPU
		{E28EA03B-5162-48D2-9A7D-8FE44BD2AE97}.Release|Any CPU.Build.0 = Release|Any CPU
	EndGlobalSection
	GlobalSection(SolutionProperties) = preSolution
		HideSolutionNode = FALSE
	EndGlobalSection
	GlobalSection(ExtensibilityGlobals) = postSolution
		SolutionGuid = {8C6D6AF2-C161-4DBA-8D56-4FAD561157C6}
	EndGlobalSection
EndGlobal
